// !$*UTF8*$!
{
	archiveVersion = 1;
	classes = {
	};
	objectVersion = 46;
	objects = {

/* Begin PBXBuildFile section */
		0BDC4D9E49A283E28C245643 /* Pods_hmmrd_liteUITests.framework in Frameworks */ = {isa = PBXBuildFile; fileRef = E239DBDB86F9A58356142594 /* Pods_hmmrd_liteUITests.framework */; };
		13B492F6FAE0C6AFC19AA2B6 /* Pods_hmmrd_liteTests.framework in Frameworks */ = {isa = PBXBuildFile; fileRef = 8436EF7EC9B2FEA6FC2E7418 /* Pods_hmmrd_liteTests.framework */; };
		55FA93551EFB58BD00D77E36 /* AppDelegate.swift in Sources */ = {isa = PBXBuildFile; fileRef = 55FA93541EFB58BD00D77E36 /* AppDelegate.swift */; };
		55FA93571EFB58BD00D77E36 /* ViewController.swift in Sources */ = {isa = PBXBuildFile; fileRef = 55FA93561EFB58BD00D77E36 /* ViewController.swift */; };
		55FA935A1EFB58BD00D77E36 /* Main.storyboard in Resources */ = {isa = PBXBuildFile; fileRef = 55FA93581EFB58BD00D77E36 /* Main.storyboard */; };
		55FA935C1EFB58BD00D77E36 /* Assets.xcassets in Resources */ = {isa = PBXBuildFile; fileRef = 55FA935B1EFB58BD00D77E36 /* Assets.xcassets */; };
		55FA935F1EFB58BD00D77E36 /* LaunchScreen.storyboard in Resources */ = {isa = PBXBuildFile; fileRef = 55FA935D1EFB58BD00D77E36 /* LaunchScreen.storyboard */; };
		55FA936A1EFB58BD00D77E36 /* hmmrd_liteTests.swift in Sources */ = {isa = PBXBuildFile; fileRef = 55FA93691EFB58BD00D77E36 /* hmmrd_liteTests.swift */; };
		55FA93751EFB58BD00D77E36 /* hmmrd_liteUITests.swift in Sources */ = {isa = PBXBuildFile; fileRef = 55FA93741EFB58BD00D77E36 /* hmmrd_liteUITests.swift */; };
		55FA93A41EFB616400D77E36 /* skip button.png in Resources */ = {isa = PBXBuildFile; fileRef = 55FA93831EFB616400D77E36 /* skip button.png */; };
		55FA93A51EFB616400D77E36 /* success button.png in Resources */ = {isa = PBXBuildFile; fileRef = 55FA93841EFB616400D77E36 /* success button.png */; };
		55FA93A61EFB616400D77E36 /* h card.png in Resources */ = {isa = PBXBuildFile; fileRef = 55FA93851EFB616400D77E36 /* h card.png */; };
		55FA93A71EFB616400D77E36 /* Lit d.png in Resources */ = {isa = PBXBuildFile; fileRef = 55FA93861EFB616400D77E36 /* Lit d.png */; };
		55FA93A81EFB616400D77E36 /* Lit h.png in Resources */ = {isa = PBXBuildFile; fileRef = 55FA93871EFB616400D77E36 /* Lit h.png */; };
		55FA93A91EFB616400D77E36 /* Lit m1.png in Resources */ = {isa = PBXBuildFile; fileRef = 55FA93881EFB616400D77E36 /* Lit m1.png */; };
		55FA93AA1EFB616500D77E36 /* Lit m2.png in Resources */ = {isa = PBXBuildFile; fileRef = 55FA93891EFB616400D77E36 /* Lit m2.png */; };
		55FA93AB1EFB616500D77E36 /* Lit r.png in Resources */ = {isa = PBXBuildFile; fileRef = 55FA938A1EFB616400D77E36 /* Lit r.png */; };
		55FA93AC1EFB616500D77E36 /* m card.png in Resources */ = {isa = PBXBuildFile; fileRef = 55FA938B1EFB616400D77E36 /* m card.png */; };
		55FA93AD1EFB616500D77E36 /* m2 card.png in Resources */ = {isa = PBXBuildFile; fileRef = 55FA938C1EFB616400D77E36 /* m2 card.png */; };
		55FA93AE1EFB616500D77E36 /* r card.png in Resources */ = {isa = PBXBuildFile; fileRef = 55FA938D1EFB616400D77E36 /* r card.png */; };
		55FA93AF1EFB616500D77E36 /* failure button.png in Resources */ = {isa = PBXBuildFile; fileRef = 55FA938E1EFB616400D77E36 /* failure button.png */; };
		55FA93B01EFB616500D77E36 /* d card.png in Resources */ = {isa = PBXBuildFile; fileRef = 55FA938F1EFB616400D77E36 /* d card.png */; };
		55FA93B11EFB616500D77E36 /* instructions card.png in Resources */ = {isa = PBXBuildFile; fileRef = 55FA93901EFB616400D77E36 /* instructions card.png */; };
		55FA93B21EFB616500D77E36 /* Faded d.png in Resources */ = {isa = PBXBuildFile; fileRef = 55FA93911EFB616400D77E36 /* Faded d.png */; };
		55FA93B31EFB616500D77E36 /* Faded h.png in Resources */ = {isa = PBXBuildFile; fileRef = 55FA93921EFB616400D77E36 /* Faded h.png */; };
		55FA93B41EFB616500D77E36 /* Faded m1.png in Resources */ = {isa = PBXBuildFile; fileRef = 55FA93931EFB616400D77E36 /* Faded m1.png */; };
		55FA93B51EFB616500D77E36 /* Faded m2.png in Resources */ = {isa = PBXBuildFile; fileRef = 55FA93941EFB616400D77E36 /* Faded m2.png */; };
		55FA93B61EFB616500D77E36 /* Faded r.png in Resources */ = {isa = PBXBuildFile; fileRef = 55FA93951EFB616400D77E36 /* Faded r.png */; };
		55FA93B71EFB616500D77E36 /* tutorial text 4.png in Resources */ = {isa = PBXBuildFile; fileRef = 55FA93961EFB616400D77E36 /* tutorial text 4.png */; };
		55FA93B81EFB616500D77E36 /* next button.png in Resources */ = {isa = PBXBuildFile; fileRef = 55FA93971EFB616400D77E36 /* next button.png */; };
		55FA93B91EFB616500D77E36 /* tutorial image 1.png in Resources */ = {isa = PBXBuildFile; fileRef = 55FA93981EFB616400D77E36 /* tutorial image 1.png */; };
		55FA93BA1EFB616500D77E36 /* tutorial image 2.png in Resources */ = {isa = PBXBuildFile; fileRef = 55FA93991EFB616400D77E36 /* tutorial image 2.png */; };
		55FA93BB1EFB616500D77E36 /* tutorial image 3.png in Resources */ = {isa = PBXBuildFile; fileRef = 55FA939A1EFB616400D77E36 /* tutorial image 3.png */; };
		55FA93BC1EFB616500D77E36 /* tutorial image 4.png in Resources */ = {isa = PBXBuildFile; fileRef = 55FA939B1EFB616400D77E36 /* tutorial image 4.png */; };
		55FA93BD1EFB616500D77E36 /* tutorial text 1.png in Resources */ = {isa = PBXBuildFile; fileRef = 55FA939C1EFB616400D77E36 /* tutorial text 1.png */; };
		55FA93BE1EFB616500D77E36 /* tutorial text 2.png in Resources */ = {isa = PBXBuildFile; fileRef = 55FA939D1EFB616400D77E36 /* tutorial text 2.png */; };
		55FA93BF1EFB616500D77E36 /* tutorial text 3.png in Resources */ = {isa = PBXBuildFile; fileRef = 55FA939E1EFB616400D77E36 /* tutorial text 3.png */; };
		55FA93C01EFB616500D77E36 /* back button.png in Resources */ = {isa = PBXBuildFile; fileRef = 55FA939F1EFB616400D77E36 /* back button.png */; };
		55FA93C11EFB616500D77E36 /* background with logo.png in Resources */ = {isa = PBXBuildFile; fileRef = 55FA93A01EFB616400D77E36 /* background with logo.png */; };
		55FA93C21EFB616500D77E36 /* logo and title.png in Resources */ = {isa = PBXBuildFile; fileRef = 55FA93A11EFB616400D77E36 /* logo and title.png */; };
		55FA93C31EFB616500D77E36 /* logo.png in Resources */ = {isa = PBXBuildFile; fileRef = 55FA93A21EFB616400D77E36 /* logo.png */; };
		55FA93C41EFB616500D77E36 /* start game button.png in Resources */ = {isa = PBXBuildFile; fileRef = 55FA93A31EFB616400D77E36 /* start game button.png */; };
		55FA93C61EFB621400D77E36 /* GoogleService-Info.plist in Resources */ = {isa = PBXBuildFile; fileRef = 55FA93C51EFB621400D77E36 /* GoogleService-Info.plist */; };
		55FA93C71EFB621400D77E36 /* GoogleService-Info.plist in Resources */ = {isa = PBXBuildFile; fileRef = 55FA93C51EFB621400D77E36 /* GoogleService-Info.plist */; };
		55FA93C81EFB621400D77E36 /* GoogleService-Info.plist in Resources */ = {isa = PBXBuildFile; fileRef = 55FA93C51EFB621400D77E36 /* GoogleService-Info.plist */; };
		55FA93CD1EFB64FC00D77E36 /* extensions.swift in Sources */ = {isa = PBXBuildFile; fileRef = 55FA93CC1EFB64FC00D77E36 /* extensions.swift */; };
		55FA93D01EFB666F00D77E36 /* Deck.swift in Sources */ = {isa = PBXBuildFile; fileRef = 55FA93CF1EFB666F00D77E36 /* Deck.swift */; };
		55FA93D21EFB66A100D77E36 /* Card.swift in Sources */ = {isa = PBXBuildFile; fileRef = 55FA93D11EFB66A100D77E36 /* Card.swift */; };
		55FA93D51EFCCA7E00D77E36 /* DrawCardViewController.swift in Sources */ = {isa = PBXBuildFile; fileRef = 55FA93D41EFCCA7E00D77E36 /* DrawCardViewController.swift */; };
		55FA93D71EFCCA9400D77E36 /* InstructionsViewController.swift in Sources */ = {isa = PBXBuildFile; fileRef = 55FA93D61EFCCA9400D77E36 /* InstructionsViewController.swift */; };
		55FA93D91EFCCAA000D77E36 /* DescriptionViewController.swift in Sources */ = {isa = PBXBuildFile; fileRef = 55FA93D81EFCCAA000D77E36 /* DescriptionViewController.swift */; };
		55FA93DB1EFCCAAA00D77E36 /* RewardViewController.swift in Sources */ = {isa = PBXBuildFile; fileRef = 55FA93DA1EFCCAAA00D77E36 /* RewardViewController.swift */; };
		64B5C65494347E5B17F9E979 /* Pods_hmmrd_lite.framework in Frameworks */ = {isa = PBXBuildFile; fileRef = D1E36C5B6B615928C29ECFE7 /* Pods_hmmrd_lite.framework */; };
/* End PBXBuildFile section */

/* Begin PBXContainerItemProxy section */
		55FA93661EFB58BD00D77E36 /* PBXContainerItemProxy */ = {
			isa = PBXContainerItemProxy;
			containerPortal = 55FA93491EFB58BD00D77E36 /* Project object */;
			proxyType = 1;
			remoteGlobalIDString = 55FA93501EFB58BD00D77E36;
			remoteInfo = "hmmrd-lite";
		};
		55FA93711EFB58BD00D77E36 /* PBXContainerItemProxy */ = {
			isa = PBXContainerItemProxy;
			containerPortal = 55FA93491EFB58BD00D77E36 /* Project object */;
			proxyType = 1;
			remoteGlobalIDString = 55FA93501EFB58BD00D77E36;
			remoteInfo = "hmmrd-lite";
		};
/* End PBXContainerItemProxy section */

/* Begin PBXFileReference section */
		2B1FE4169FA5CB7E8AA2B3FF /* Pods-hmmrd-lite.debug.xcconfig */ = {isa = PBXFileReference; includeInIndex = 1; lastKnownFileType = text.xcconfig; name = "Pods-hmmrd-lite.debug.xcconfig"; path = "Pods/Target Support Files/Pods-hmmrd-lite/Pods-hmmrd-lite.debug.xcconfig"; sourceTree = "<group>"; };
		3D77590BF5AC571EF03A25F8 /* Pods-hmmrd-liteTests.debug.xcconfig */ = {isa = PBXFileReference; includeInIndex = 1; lastKnownFileType = text.xcconfig; name = "Pods-hmmrd-liteTests.debug.xcconfig"; path = "Pods/Target Support Files/Pods-hmmrd-liteTests/Pods-hmmrd-liteTests.debug.xcconfig"; sourceTree = "<group>"; };
		55FA93511EFB58BD00D77E36 /* hmmrd-lite.app */ = {isa = PBXFileReference; explicitFileType = wrapper.application; includeInIndex = 0; path = "hmmrd-lite.app"; sourceTree = BUILT_PRODUCTS_DIR; };
		55FA93541EFB58BD00D77E36 /* AppDelegate.swift */ = {isa = PBXFileReference; lastKnownFileType = sourcecode.swift; path = AppDelegate.swift; sourceTree = "<group>"; };
		55FA93561EFB58BD00D77E36 /* ViewController.swift */ = {isa = PBXFileReference; lastKnownFileType = sourcecode.swift; path = ViewController.swift; sourceTree = "<group>"; };
		55FA93591EFB58BD00D77E36 /* Base */ = {isa = PBXFileReference; lastKnownFileType = file.storyboard; name = Base; path = Base.lproj/Main.storyboard; sourceTree = "<group>"; };
		55FA935B1EFB58BD00D77E36 /* Assets.xcassets */ = {isa = PBXFileReference; lastKnownFileType = folder.assetcatalog; path = Assets.xcassets; sourceTree = "<group>"; };
		55FA935E1EFB58BD00D77E36 /* Base */ = {isa = PBXFileReference; lastKnownFileType = file.storyboard; name = Base; path = Base.lproj/LaunchScreen.storyboard; sourceTree = "<group>"; };
		55FA93601EFB58BD00D77E36 /* Info.plist */ = {isa = PBXFileReference; lastKnownFileType = text.plist.xml; path = Info.plist; sourceTree = "<group>"; };
		55FA93651EFB58BD00D77E36 /* hmmrd-liteTests.xctest */ = {isa = PBXFileReference; explicitFileType = wrapper.cfbundle; includeInIndex = 0; path = "hmmrd-liteTests.xctest"; sourceTree = BUILT_PRODUCTS_DIR; };
		55FA93691EFB58BD00D77E36 /* hmmrd_liteTests.swift */ = {isa = PBXFileReference; lastKnownFileType = sourcecode.swift; path = hmmrd_liteTests.swift; sourceTree = "<group>"; };
		55FA936B1EFB58BD00D77E36 /* Info.plist */ = {isa = PBXFileReference; lastKnownFileType = text.plist.xml; path = Info.plist; sourceTree = "<group>"; };
		55FA93701EFB58BD00D77E36 /* hmmrd-liteUITests.xctest */ = {isa = PBXFileReference; explicitFileType = wrapper.cfbundle; includeInIndex = 0; path = "hmmrd-liteUITests.xctest"; sourceTree = BUILT_PRODUCTS_DIR; };
		55FA93741EFB58BD00D77E36 /* hmmrd_liteUITests.swift */ = {isa = PBXFileReference; lastKnownFileType = sourcecode.swift; path = hmmrd_liteUITests.swift; sourceTree = "<group>"; };
		55FA93761EFB58BD00D77E36 /* Info.plist */ = {isa = PBXFileReference; lastKnownFileType = text.plist.xml; path = Info.plist; sourceTree = "<group>"; };
		55FA93831EFB616400D77E36 /* skip button.png */ = {isa = PBXFileReference; lastKnownFileType = image.png; path = "skip button.png"; sourceTree = "<group>"; };
		55FA93841EFB616400D77E36 /* success button.png */ = {isa = PBXFileReference; lastKnownFileType = image.png; path = "success button.png"; sourceTree = "<group>"; };
		55FA93851EFB616400D77E36 /* h card.png */ = {isa = PBXFileReference; lastKnownFileType = image.png; path = "h card.png"; sourceTree = "<group>"; };
		55FA93861EFB616400D77E36 /* Lit d.png */ = {isa = PBXFileReference; lastKnownFileType = image.png; path = "Lit d.png"; sourceTree = "<group>"; };
		55FA93871EFB616400D77E36 /* Lit h.png */ = {isa = PBXFileReference; lastKnownFileType = image.png; path = "Lit h.png"; sourceTree = "<group>"; };
		55FA93881EFB616400D77E36 /* Lit m1.png */ = {isa = PBXFileReference; lastKnownFileType = image.png; path = "Lit m1.png"; sourceTree = "<group>"; };
		55FA93891EFB616400D77E36 /* Lit m2.png */ = {isa = PBXFileReference; lastKnownFileType = image.png; path = "Lit m2.png"; sourceTree = "<group>"; };
		55FA938A1EFB616400D77E36 /* Lit r.png */ = {isa = PBXFileReference; lastKnownFileType = image.png; path = "Lit r.png"; sourceTree = "<group>"; };
		55FA938B1EFB616400D77E36 /* m card.png */ = {isa = PBXFileReference; lastKnownFileType = image.png; path = "m card.png"; sourceTree = "<group>"; };
		55FA938C1EFB616400D77E36 /* m2 card.png */ = {isa = PBXFileReference; lastKnownFileType = image.png; path = "m2 card.png"; sourceTree = "<group>"; };
		55FA938D1EFB616400D77E36 /* r card.png */ = {isa = PBXFileReference; lastKnownFileType = image.png; path = "r card.png"; sourceTree = "<group>"; };
		55FA938E1EFB616400D77E36 /* failure button.png */ = {isa = PBXFileReference; lastKnownFileType = image.png; path = "failure button.png"; sourceTree = "<group>"; };
		55FA938F1EFB616400D77E36 /* d card.png */ = {isa = PBXFileReference; lastKnownFileType = image.png; path = "d card.png"; sourceTree = "<group>"; };
		55FA93901EFB616400D77E36 /* instructions card.png */ = {isa = PBXFileReference; lastKnownFileType = image.png; path = "instructions card.png"; sourceTree = "<group>"; };
		55FA93911EFB616400D77E36 /* Faded d.png */ = {isa = PBXFileReference; lastKnownFileType = image.png; path = "Faded d.png"; sourceTree = "<group>"; };
		55FA93921EFB616400D77E36 /* Faded h.png */ = {isa = PBXFileReference; lastKnownFileType = image.png; path = "Faded h.png"; sourceTree = "<group>"; };
		55FA93931EFB616400D77E36 /* Faded m1.png */ = {isa = PBXFileReference; lastKnownFileType = image.png; path = "Faded m1.png"; sourceTree = "<group>"; };
		55FA93941EFB616400D77E36 /* Faded m2.png */ = {isa = PBXFileReference; lastKnownFileType = image.png; path = "Faded m2.png"; sourceTree = "<group>"; };
		55FA93951EFB616400D77E36 /* Faded r.png */ = {isa = PBXFileReference; lastKnownFileType = image.png; path = "Faded r.png"; sourceTree = "<group>"; };
		55FA93961EFB616400D77E36 /* tutorial text 4.png */ = {isa = PBXFileReference; lastKnownFileType = image.png; path = "tutorial text 4.png"; sourceTree = "<group>"; };
		55FA93971EFB616400D77E36 /* next button.png */ = {isa = PBXFileReference; lastKnownFileType = image.png; path = "next button.png"; sourceTree = "<group>"; };
		55FA93981EFB616400D77E36 /* tutorial image 1.png */ = {isa = PBXFileReference; lastKnownFileType = image.png; path = "tutorial image 1.png"; sourceTree = "<group>"; };
		55FA93991EFB616400D77E36 /* tutorial image 2.png */ = {isa = PBXFileReference; lastKnownFileType = image.png; path = "tutorial image 2.png"; sourceTree = "<group>"; };
		55FA939A1EFB616400D77E36 /* tutorial image 3.png */ = {isa = PBXFileReference; lastKnownFileType = image.png; path = "tutorial image 3.png"; sourceTree = "<group>"; };
		55FA939B1EFB616400D77E36 /* tutorial image 4.png */ = {isa = PBXFileReference; lastKnownFileType = image.png; path = "tutorial image 4.png"; sourceTree = "<group>"; };
		55FA939C1EFB616400D77E36 /* tutorial text 1.png */ = {isa = PBXFileReference; lastKnownFileType = image.png; path = "tutorial text 1.png"; sourceTree = "<group>"; };
		55FA939D1EFB616400D77E36 /* tutorial text 2.png */ = {isa = PBXFileReference; lastKnownFileType = image.png; path = "tutorial text 2.png"; sourceTree = "<group>"; };
		55FA939E1EFB616400D77E36 /* tutorial text 3.png */ = {isa = PBXFileReference; lastKnownFileType = image.png; path = "tutorial text 3.png"; sourceTree = "<group>"; };
		55FA939F1EFB616400D77E36 /* back button.png */ = {isa = PBXFileReference; lastKnownFileType = image.png; path = "back button.png"; sourceTree = "<group>"; };
		55FA93A01EFB616400D77E36 /* background with logo.png */ = {isa = PBXFileReference; lastKnownFileType = image.png; path = "background with logo.png"; sourceTree = "<group>"; };
		55FA93A11EFB616400D77E36 /* logo and title.png */ = {isa = PBXFileReference; lastKnownFileType = image.png; path = "logo and title.png"; sourceTree = "<group>"; };
		55FA93A21EFB616400D77E36 /* logo.png */ = {isa = PBXFileReference; lastKnownFileType = image.png; path = logo.png; sourceTree = "<group>"; };
		55FA93A31EFB616400D77E36 /* start game button.png */ = {isa = PBXFileReference; lastKnownFileType = image.png; path = "start game button.png"; sourceTree = "<group>"; };
		55FA93C51EFB621400D77E36 /* GoogleService-Info.plist */ = {isa = PBXFileReference; fileEncoding = 4; lastKnownFileType = text.plist.xml; path = "GoogleService-Info.plist"; sourceTree = "<group>"; };
		55FA93CC1EFB64FC00D77E36 /* extensions.swift */ = {isa = PBXFileReference; fileEncoding = 4; lastKnownFileType = sourcecode.swift; path = extensions.swift; sourceTree = "<group>"; };
		55FA93CF1EFB666F00D77E36 /* Deck.swift */ = {isa = PBXFileReference; fileEncoding = 4; lastKnownFileType = sourcecode.swift; path = Deck.swift; sourceTree = "<group>"; };
		55FA93D11EFB66A100D77E36 /* Card.swift */ = {isa = PBXFileReference; fileEncoding = 4; lastKnownFileType = sourcecode.swift; path = Card.swift; sourceTree = "<group>"; };
		55FA93D41EFCCA7E00D77E36 /* DrawCardViewController.swift */ = {isa = PBXFileReference; fileEncoding = 4; lastKnownFileType = sourcecode.swift; path = DrawCardViewController.swift; sourceTree = "<group>"; };
		55FA93D61EFCCA9400D77E36 /* InstructionsViewController.swift */ = {isa = PBXFileReference; fileEncoding = 4; lastKnownFileType = sourcecode.swift; path = InstructionsViewController.swift; sourceTree = "<group>"; };
		55FA93D81EFCCAA000D77E36 /* DescriptionViewController.swift */ = {isa = PBXFileReference; fileEncoding = 4; lastKnownFileType = sourcecode.swift; path = DescriptionViewController.swift; sourceTree = "<group>"; };
		55FA93DA1EFCCAAA00D77E36 /* RewardViewController.swift */ = {isa = PBXFileReference; fileEncoding = 4; lastKnownFileType = sourcecode.swift; path = RewardViewController.swift; sourceTree = "<group>"; };
		5F68FA90075D88946CB64A0D /* Pods-hmmrd-liteUITests.debug.xcconfig */ = {isa = PBXFileReference; includeInIndex = 1; lastKnownFileType = text.xcconfig; name = "Pods-hmmrd-liteUITests.debug.xcconfig"; path = "Pods/Target Support Files/Pods-hmmrd-liteUITests/Pods-hmmrd-liteUITests.debug.xcconfig"; sourceTree = "<group>"; };
		61B0D06852FA9EF4C7C3482A /* Pods-hmmrd-liteUITests.release.xcconfig */ = {isa = PBXFileReference; includeInIndex = 1; lastKnownFileType = text.xcconfig; name = "Pods-hmmrd-liteUITests.release.xcconfig"; path = "Pods/Target Support Files/Pods-hmmrd-liteUITests/Pods-hmmrd-liteUITests.release.xcconfig"; sourceTree = "<group>"; };
		8436EF7EC9B2FEA6FC2E7418 /* Pods_hmmrd_liteTests.framework */ = {isa = PBXFileReference; explicitFileType = wrapper.framework; includeInIndex = 0; path = Pods_hmmrd_liteTests.framework; sourceTree = BUILT_PRODUCTS_DIR; };
		A99165C2D5D29BD64512F84C /* Pods-hmmrd-lite.release.xcconfig */ = {isa = PBXFileReference; includeInIndex = 1; lastKnownFileType = text.xcconfig; name = "Pods-hmmrd-lite.release.xcconfig"; path = "Pods/Target Support Files/Pods-hmmrd-lite/Pods-hmmrd-lite.release.xcconfig"; sourceTree = "<group>"; };
		BF67C49AA36A09A6B1817AA2 /* Pods-hmmrd-liteTests.release.xcconfig */ = {isa = PBXFileReference; includeInIndex = 1; lastKnownFileType = text.xcconfig; name = "Pods-hmmrd-liteTests.release.xcconfig"; path = "Pods/Target Support Files/Pods-hmmrd-liteTests/Pods-hmmrd-liteTests.release.xcconfig"; sourceTree = "<group>"; };
		D1E36C5B6B615928C29ECFE7 /* Pods_hmmrd_lite.framework */ = {isa = PBXFileReference; explicitFileType = wrapper.framework; includeInIndex = 0; path = Pods_hmmrd_lite.framework; sourceTree = BUILT_PRODUCTS_DIR; };
		E239DBDB86F9A58356142594 /* Pods_hmmrd_liteUITests.framework */ = {isa = PBXFileReference; explicitFileType = wrapper.framework; includeInIndex = 0; path = Pods_hmmrd_liteUITests.framework; sourceTree = BUILT_PRODUCTS_DIR; };
/* End PBXFileReference section */

/* Begin PBXFrameworksBuildPhase section */
		55FA934E1EFB58BD00D77E36 /* Frameworks */ = {
			isa = PBXFrameworksBuildPhase;
			buildActionMask = 2147483647;
			files = (
				64B5C65494347E5B17F9E979 /* Pods_hmmrd_lite.framework in Frameworks */,
			);
			runOnlyForDeploymentPostprocessing = 0;
		};
		55FA93621EFB58BD00D77E36 /* Frameworks */ = {
			isa = PBXFrameworksBuildPhase;
			buildActionMask = 2147483647;
			files = (
				13B492F6FAE0C6AFC19AA2B6 /* Pods_hmmrd_liteTests.framework in Frameworks */,
			);
			runOnlyForDeploymentPostprocessing = 0;
		};
		55FA936D1EFB58BD00D77E36 /* Frameworks */ = {
			isa = PBXFrameworksBuildPhase;
			buildActionMask = 2147483647;
			files = (
				0BDC4D9E49A283E28C245643 /* Pods_hmmrd_liteUITests.framework in Frameworks */,
			);
			runOnlyForDeploymentPostprocessing = 0;
		};
/* End PBXFrameworksBuildPhase section */

/* Begin PBXGroup section */
		55FA93481EFB58BD00D77E36 = {
			isa = PBXGroup;
			children = (
				55FA93531EFB58BD00D77E36 /* hmmrd-lite */,
				55FA93681EFB58BD00D77E36 /* hmmrd-liteTests */,
				55FA93731EFB58BD00D77E36 /* hmmrd-liteUITests */,
				55FA93521EFB58BD00D77E36 /* Products */,
				5F63120B3F1EFAB5F365F9B8 /* Pods */,
				E11AC2D4F273AF27EBF7549D /* Frameworks */,
			);
			sourceTree = "<group>";
		};
		55FA93521EFB58BD00D77E36 /* Products */ = {
			isa = PBXGroup;
			children = (
				55FA93511EFB58BD00D77E36 /* hmmrd-lite.app */,
				55FA93651EFB58BD00D77E36 /* hmmrd-liteTests.xctest */,
				55FA93701EFB58BD00D77E36 /* hmmrd-liteUITests.xctest */,
			);
			name = Products;
			sourceTree = "<group>";
		};
		55FA93531EFB58BD00D77E36 /* hmmrd-lite */ = {
			isa = PBXGroup;
			children = (
				55FA93D31EFCC8BF00D77E36 /* Controllers */,
				55FA93CE1EFB665400D77E36 /* Pojos */,
				55FA93821EFB5C7C00D77E36 /* UI Elements */,
				55FA93541EFB58BD00D77E36 /* AppDelegate.swift */,
				55FA93561EFB58BD00D77E36 /* ViewController.swift */,
				55FA93581EFB58BD00D77E36 /* Main.storyboard */,
				55FA935B1EFB58BD00D77E36 /* Assets.xcassets */,
				55FA935D1EFB58BD00D77E36 /* LaunchScreen.storyboard */,
				55FA93C51EFB621400D77E36 /* GoogleService-Info.plist */,
				55FA93601EFB58BD00D77E36 /* Info.plist */,
				55FA93CC1EFB64FC00D77E36 /* extensions.swift */,
			);
			path = "hmmrd-lite";
			sourceTree = "<group>";
		};
		55FA93681EFB58BD00D77E36 /* hmmrd-liteTests */ = {
			isa = PBXGroup;
			children = (
				55FA93691EFB58BD00D77E36 /* hmmrd_liteTests.swift */,
				55FA936B1EFB58BD00D77E36 /* Info.plist */,
			);
			path = "hmmrd-liteTests";
			sourceTree = "<group>";
		};
		55FA93731EFB58BD00D77E36 /* hmmrd-liteUITests */ = {
			isa = PBXGroup;
			children = (
				55FA93741EFB58BD00D77E36 /* hmmrd_liteUITests.swift */,
				55FA93761EFB58BD00D77E36 /* Info.plist */,
			);
			path = "hmmrd-liteUITests";
			sourceTree = "<group>";
		};
		55FA93821EFB5C7C00D77E36 /* UI Elements */ = {
			isa = PBXGroup;
			children = (
				55FA93831EFB616400D77E36 /* skip button.png */,
				55FA93841EFB616400D77E36 /* success button.png */,
				55FA93851EFB616400D77E36 /* h card.png */,
				55FA93861EFB616400D77E36 /* Lit d.png */,
				55FA93871EFB616400D77E36 /* Lit h.png */,
				55FA93881EFB616400D77E36 /* Lit m1.png */,
				55FA93891EFB616400D77E36 /* Lit m2.png */,
				55FA938A1EFB616400D77E36 /* Lit r.png */,
				55FA938B1EFB616400D77E36 /* m card.png */,
				55FA938C1EFB616400D77E36 /* m2 card.png */,
				55FA938D1EFB616400D77E36 /* r card.png */,
				55FA938E1EFB616400D77E36 /* failure button.png */,
				55FA938F1EFB616400D77E36 /* d card.png */,
				55FA93901EFB616400D77E36 /* instructions card.png */,
				55FA93911EFB616400D77E36 /* Faded d.png */,
				55FA93921EFB616400D77E36 /* Faded h.png */,
				55FA93931EFB616400D77E36 /* Faded m1.png */,
				55FA93941EFB616400D77E36 /* Faded m2.png */,
				55FA93951EFB616400D77E36 /* Faded r.png */,
				55FA93961EFB616400D77E36 /* tutorial text 4.png */,
				55FA93971EFB616400D77E36 /* next button.png */,
				55FA93981EFB616400D77E36 /* tutorial image 1.png */,
				55FA93991EFB616400D77E36 /* tutorial image 2.png */,
				55FA939A1EFB616400D77E36 /* tutorial image 3.png */,
				55FA939B1EFB616400D77E36 /* tutorial image 4.png */,
				55FA939C1EFB616400D77E36 /* tutorial text 1.png */,
				55FA939D1EFB616400D77E36 /* tutorial text 2.png */,
				55FA939E1EFB616400D77E36 /* tutorial text 3.png */,
				55FA939F1EFB616400D77E36 /* back button.png */,
				55FA93A01EFB616400D77E36 /* background with logo.png */,
				55FA93A11EFB616400D77E36 /* logo and title.png */,
				55FA93A21EFB616400D77E36 /* logo.png */,
				55FA93A31EFB616400D77E36 /* start game button.png */,
			);
			name = "UI Elements";
			path = "hmmrd-lite/UI Elements";
			sourceTree = SOURCE_ROOT;
		};
		55FA93CE1EFB665400D77E36 /* Pojos */ = {
			isa = PBXGroup;
			children = (
				55FA93CF1EFB666F00D77E36 /* Deck.swift */,
				55FA93D11EFB66A100D77E36 /* Card.swift */,
			);
			name = Pojos;
			path = "hmmrd-lite/Pojos";
			sourceTree = SOURCE_ROOT;
		};
		55FA93D31EFCC8BF00D77E36 /* Controllers */ = {
			isa = PBXGroup;
			children = (
				55FA93D41EFCCA7E00D77E36 /* DrawCardViewController.swift */,
				55FA93D61EFCCA9400D77E36 /* InstructionsViewController.swift */,
				55FA93D81EFCCAA000D77E36 /* DescriptionViewController.swift */,
				55FA93DA1EFCCAAA00D77E36 /* RewardViewController.swift */,
			);
			name = Controllers;
			path = "hmmrd-lite/Controllers";
			sourceTree = SOURCE_ROOT;
		};
		5F63120B3F1EFAB5F365F9B8 /* Pods */ = {
			isa = PBXGroup;
			children = (
				2B1FE4169FA5CB7E8AA2B3FF /* Pods-hmmrd-lite.debug.xcconfig */,
				A99165C2D5D29BD64512F84C /* Pods-hmmrd-lite.release.xcconfig */,
				3D77590BF5AC571EF03A25F8 /* Pods-hmmrd-liteTests.debug.xcconfig */,
				BF67C49AA36A09A6B1817AA2 /* Pods-hmmrd-liteTests.release.xcconfig */,
				5F68FA90075D88946CB64A0D /* Pods-hmmrd-liteUITests.debug.xcconfig */,
				61B0D06852FA9EF4C7C3482A /* Pods-hmmrd-liteUITests.release.xcconfig */,
			);
			name = Pods;
			sourceTree = "<group>";
		};
		E11AC2D4F273AF27EBF7549D /* Frameworks */ = {
			isa = PBXGroup;
			children = (
				D1E36C5B6B615928C29ECFE7 /* Pods_hmmrd_lite.framework */,
				8436EF7EC9B2FEA6FC2E7418 /* Pods_hmmrd_liteTests.framework */,
				E239DBDB86F9A58356142594 /* Pods_hmmrd_liteUITests.framework */,
			);
			name = Frameworks;
			sourceTree = "<group>";
		};
/* End PBXGroup section */

/* Begin PBXNativeTarget section */
		55FA93501EFB58BD00D77E36 /* hmmrd-lite */ = {
			isa = PBXNativeTarget;
			buildConfigurationList = 55FA93791EFB58BD00D77E36 /* Build configuration list for PBXNativeTarget "hmmrd-lite" */;
			buildPhases = (
				5B5690AB87F3BEDC119B6958 /* [CP] Check Pods Manifest.lock */,
				55FA934D1EFB58BD00D77E36 /* Sources */,
				55FA934E1EFB58BD00D77E36 /* Frameworks */,
				55FA934F1EFB58BD00D77E36 /* Resources */,
				5E2C18FB1D07EE54D1356BD2 /* [CP] Embed Pods Frameworks */,
				D4FFA1A84EAA00F9DF4AF9CB /* [CP] Copy Pods Resources */,
			);
			buildRules = (
			);
			dependencies = (
			);
			name = "hmmrd-lite";
			productName = "hmmrd-lite";
			productReference = 55FA93511EFB58BD00D77E36 /* hmmrd-lite.app */;
			productType = "com.apple.product-type.application";
		};
		55FA93641EFB58BD00D77E36 /* hmmrd-liteTests */ = {
			isa = PBXNativeTarget;
			buildConfigurationList = 55FA937C1EFB58BD00D77E36 /* Build configuration list for PBXNativeTarget "hmmrd-liteTests" */;
			buildPhases = (
				FF08199B9CE4679CF8482096 /* [CP] Check Pods Manifest.lock */,
				55FA93611EFB58BD00D77E36 /* Sources */,
				55FA93621EFB58BD00D77E36 /* Frameworks */,
				55FA93631EFB58BD00D77E36 /* Resources */,
				3C01425ABE82F7444672DF63 /* [CP] Embed Pods Frameworks */,
				CD425F0769AB14975D00AF74 /* [CP] Copy Pods Resources */,
			);
			buildRules = (
			);
			dependencies = (
				55FA93671EFB58BD00D77E36 /* PBXTargetDependency */,
			);
			name = "hmmrd-liteTests";
			productName = "hmmrd-liteTests";
			productReference = 55FA93651EFB58BD00D77E36 /* hmmrd-liteTests.xctest */;
			productType = "com.apple.product-type.bundle.unit-test";
		};
		55FA936F1EFB58BD00D77E36 /* hmmrd-liteUITests */ = {
			isa = PBXNativeTarget;
			buildConfigurationList = 55FA937F1EFB58BD00D77E36 /* Build configuration list for PBXNativeTarget "hmmrd-liteUITests" */;
			buildPhases = (
				01BABC6E3FC47738323FCA61 /* [CP] Check Pods Manifest.lock */,
				55FA936C1EFB58BD00D77E36 /* Sources */,
				55FA936D1EFB58BD00D77E36 /* Frameworks */,
				55FA936E1EFB58BD00D77E36 /* Resources */,
				6639390B57629B7AB8F891FB /* [CP] Embed Pods Frameworks */,
				854551739801AADE9D8B31EC /* [CP] Copy Pods Resources */,
			);
			buildRules = (
			);
			dependencies = (
				55FA93721EFB58BD00D77E36 /* PBXTargetDependency */,
			);
			name = "hmmrd-liteUITests";
			productName = "hmmrd-liteUITests";
			productReference = 55FA93701EFB58BD00D77E36 /* hmmrd-liteUITests.xctest */;
			productType = "com.apple.product-type.bundle.ui-testing";
		};
/* End PBXNativeTarget section */

/* Begin PBXProject section */
		55FA93491EFB58BD00D77E36 /* Project object */ = {
			isa = PBXProject;
			attributes = {
				LastSwiftUpdateCheck = 0830;
				LastUpgradeCheck = 0830;
				ORGANIZATIONNAME = hmmrd;
				TargetAttributes = {
					55FA93501EFB58BD00D77E36 = {
						CreatedOnToolsVersion = 8.3.3;
						DevelopmentTeam = SM7VLH62CK;
						ProvisioningStyle = Automatic;
					};
					55FA93641EFB58BD00D77E36 = {
						CreatedOnToolsVersion = 8.3.3;
						ProvisioningStyle = Automatic;
						TestTargetID = 55FA93501EFB58BD00D77E36;
					};
					55FA936F1EFB58BD00D77E36 = {
						CreatedOnToolsVersion = 8.3.3;
						ProvisioningStyle = Automatic;
						TestTargetID = 55FA93501EFB58BD00D77E36;
					};
				};
			};
			buildConfigurationList = 55FA934C1EFB58BD00D77E36 /* Build configuration list for PBXProject "hmmrd-lite" */;
			compatibilityVersion = "Xcode 3.2";
			developmentRegion = English;
			hasScannedForEncodings = 0;
			knownRegions = (
				en,
				Base,
			);
			mainGroup = 55FA93481EFB58BD00D77E36;
			productRefGroup = 55FA93521EFB58BD00D77E36 /* Products */;
			projectDirPath = "";
			projectRoot = "";
			targets = (
				55FA93501EFB58BD00D77E36 /* hmmrd-lite */,
				55FA93641EFB58BD00D77E36 /* hmmrd-liteTests */,
				55FA936F1EFB58BD00D77E36 /* hmmrd-liteUITests */,
			);
		};
/* End PBXProject section */

/* Begin PBXResourcesBuildPhase section */
		55FA934F1EFB58BD00D77E36 /* Resources */ = {
			isa = PBXResourcesBuildPhase;
			buildActionMask = 2147483647;
			files = (
				55FA93B21EFB616500D77E36 /* Faded d.png in Resources */,
				55FA93B41EFB616500D77E36 /* Faded m1.png in Resources */,
				55FA93BA1EFB616500D77E36 /* tutorial image 2.png in Resources */,
				55FA935F1EFB58BD00D77E36 /* LaunchScreen.storyboard in Resources */,
				55FA93AE1EFB616500D77E36 /* r card.png in Resources */,
				55FA93B31EFB616500D77E36 /* Faded h.png in Resources */,
				55FA93B81EFB616500D77E36 /* next button.png in Resources */,
				55FA93A41EFB616400D77E36 /* skip button.png in Resources */,
				55FA93A71EFB616400D77E36 /* Lit d.png in Resources */,
				55FA93BE1EFB616500D77E36 /* tutorial text 2.png in Resources */,
				55FA93B71EFB616500D77E36 /* tutorial text 4.png in Resources */,
				55FA93C31EFB616500D77E36 /* logo.png in Resources */,
				55FA93AD1EFB616500D77E36 /* m2 card.png in Resources */,
				55FA93AA1EFB616500D77E36 /* Lit m2.png in Resources */,
				55FA93AC1EFB616500D77E36 /* m card.png in Resources */,
				55FA93A51EFB616400D77E36 /* success button.png in Resources */,
				55FA93C01EFB616500D77E36 /* back button.png in Resources */,
				55FA93B91EFB616500D77E36 /* tutorial image 1.png in Resources */,
				55FA93AF1EFB616500D77E36 /* failure button.png in Resources */,
				55FA93B61EFB616500D77E36 /* Faded r.png in Resources */,
				55FA93A61EFB616400D77E36 /* h card.png in Resources */,
				55FA93BD1EFB616500D77E36 /* tutorial text 1.png in Resources */,
				55FA93A81EFB616400D77E36 /* Lit h.png in Resources */,
				55FA93B11EFB616500D77E36 /* instructions card.png in Resources */,
				55FA93B01EFB616500D77E36 /* d card.png in Resources */,
				55FA93C11EFB616500D77E36 /* background with logo.png in Resources */,
				55FA93C21EFB616500D77E36 /* logo and title.png in Resources */,
				55FA93AB1EFB616500D77E36 /* Lit r.png in Resources */,
				55FA93BB1EFB616500D77E36 /* tutorial image 3.png in Resources */,
				55FA93A91EFB616400D77E36 /* Lit m1.png in Resources */,
				55FA935C1EFB58BD00D77E36 /* Assets.xcassets in Resources */,
				55FA93B51EFB616500D77E36 /* Faded m2.png in Resources */,
				55FA93C41EFB616500D77E36 /* start game button.png in Resources */,
				55FA93BC1EFB616500D77E36 /* tutorial image 4.png in Resources */,
				55FA93BF1EFB616500D77E36 /* tutorial text 3.png in Resources */,
				55FA935A1EFB58BD00D77E36 /* Main.storyboard in Resources */,
				55FA93C61EFB621400D77E36 /* GoogleService-Info.plist in Resources */,
			);
			runOnlyForDeploymentPostprocessing = 0;
		};
		55FA93631EFB58BD00D77E36 /* Resources */ = {
			isa = PBXResourcesBuildPhase;
			buildActionMask = 2147483647;
			files = (
				55FA93C71EFB621400D77E36 /* GoogleService-Info.plist in Resources */,
			);
			runOnlyForDeploymentPostprocessing = 0;
		};
		55FA936E1EFB58BD00D77E36 /* Resources */ = {
			isa = PBXResourcesBuildPhase;
			buildActionMask = 2147483647;
			files = (
				55FA93C81EFB621400D77E36 /* GoogleService-Info.plist in Resources */,
			);
			runOnlyForDeploymentPostprocessing = 0;
		};
/* End PBXResourcesBuildPhase section */

/* Begin PBXShellScriptBuildPhase section */
		01BABC6E3FC47738323FCA61 /* [CP] Check Pods Manifest.lock */ = {
			isa = PBXShellScriptBuildPhase;
			buildActionMask = 2147483647;
			files = (
			);
			inputPaths = (
			);
			name = "[CP] Check Pods Manifest.lock";
			outputPaths = (
			);
			runOnlyForDeploymentPostprocessing = 0;
			shellPath = /bin/sh;
			shellScript = "diff \"${PODS_PODFILE_DIR_PATH}/Podfile.lock\" \"${PODS_ROOT}/Manifest.lock\" > /dev/null\nif [ $? != 0 ] ; then\n    # print error to STDERR\n    echo \"error: The sandbox is not in sync with the Podfile.lock. Run 'pod install' or update your CocoaPods installation.\" >&2\n    exit 1\nfi\n";
			showEnvVarsInLog = 0;
		};
		3C01425ABE82F7444672DF63 /* [CP] Embed Pods Frameworks */ = {
			isa = PBXShellScriptBuildPhase;
			buildActionMask = 2147483647;
			files = (
			);
			inputPaths = (
			);
			name = "[CP] Embed Pods Frameworks";
			outputPaths = (
			);
			runOnlyForDeploymentPostprocessing = 0;
			shellPath = /bin/sh;
			shellScript = "\"${SRCROOT}/Pods/Target Support Files/Pods-hmmrd-liteTests/Pods-hmmrd-liteTests-frameworks.sh\"\n";
			showEnvVarsInLog = 0;
		};
		5B5690AB87F3BEDC119B6958 /* [CP] Check Pods Manifest.lock */ = {
			isa = PBXShellScriptBuildPhase;
			buildActionMask = 2147483647;
			files = (
			);
			inputPaths = (
			);
			name = "[CP] Check Pods Manifest.lock";
			outputPaths = (
			);
			runOnlyForDeploymentPostprocessing = 0;
			shellPath = /bin/sh;
			shellScript = "diff \"${PODS_PODFILE_DIR_PATH}/Podfile.lock\" \"${PODS_ROOT}/Manifest.lock\" > /dev/null\nif [ $? != 0 ] ; then\n    # print error to STDERR\n    echo \"error: The sandbox is not in sync with the Podfile.lock. Run 'pod install' or update your CocoaPods installation.\" >&2\n    exit 1\nfi\n";
			showEnvVarsInLog = 0;
		};
		5E2C18FB1D07EE54D1356BD2 /* [CP] Embed Pods Frameworks */ = {
			isa = PBXShellScriptBuildPhase;
			buildActionMask = 2147483647;
			files = (
			);
			inputPaths = (
			);
			name = "[CP] Embed Pods Frameworks";
			outputPaths = (
			);
			runOnlyForDeploymentPostprocessing = 0;
			shellPath = /bin/sh;
			shellScript = "\"${SRCROOT}/Pods/Target Support Files/Pods-hmmrd-lite/Pods-hmmrd-lite-frameworks.sh\"\n";
			showEnvVarsInLog = 0;
		};
		6639390B57629B7AB8F891FB /* [CP] Embed Pods Frameworks */ = {
			isa = PBXShellScriptBuildPhase;
			buildActionMask = 2147483647;
			files = (
			);
			inputPaths = (
			);
			name = "[CP] Embed Pods Frameworks";
			outputPaths = (
			);
			runOnlyForDeploymentPostprocessing = 0;
			shellPath = /bin/sh;
			shellScript = "\"${SRCROOT}/Pods/Target Support Files/Pods-hmmrd-liteUITests/Pods-hmmrd-liteUITests-frameworks.sh\"\n";
			showEnvVarsInLog = 0;
		};
		854551739801AADE9D8B31EC /* [CP] Copy Pods Resources */ = {
			isa = PBXShellScriptBuildPhase;
			buildActionMask = 2147483647;
			files = (
			);
			inputPaths = (
			);
			name = "[CP] Copy Pods Resources";
			outputPaths = (
			);
			runOnlyForDeploymentPostprocessing = 0;
			shellPath = /bin/sh;
			shellScript = "\"${SRCROOT}/Pods/Target Support Files/Pods-hmmrd-liteUITests/Pods-hmmrd-liteUITests-resources.sh\"\n";
			showEnvVarsInLog = 0;
		};
		CD425F0769AB14975D00AF74 /* [CP] Copy Pods Resources */ = {
			isa = PBXShellScriptBuildPhase;
			buildActionMask = 2147483647;
			files = (
			);
			inputPaths = (
			);
			name = "[CP] Copy Pods Resources";
			outputPaths = (
			);
			runOnlyForDeploymentPostprocessing = 0;
			shellPath = /bin/sh;
			shellScript = "\"${SRCROOT}/Pods/Target Support Files/Pods-hmmrd-liteTests/Pods-hmmrd-liteTests-resources.sh\"\n";
			showEnvVarsInLog = 0;
		};
		D4FFA1A84EAA00F9DF4AF9CB /* [CP] Copy Pods Resources */ = {
			isa = PBXShellScriptBuildPhase;
			buildActionMask = 2147483647;
			files = (
			);
			inputPaths = (
			);
			name = "[CP] Copy Pods Resources";
			outputPaths = (
			);
			runOnlyForDeploymentPostprocessing = 0;
			shellPath = /bin/sh;
			shellScript = "\"${SRCROOT}/Pods/Target Support Files/Pods-hmmrd-lite/Pods-hmmrd-lite-resources.sh\"\n";
			showEnvVarsInLog = 0;
		};
		FF08199B9CE4679CF8482096 /* [CP] Check Pods Manifest.lock */ = {
			isa = PBXShellScriptBuildPhase;
			buildActionMask = 2147483647;
			files = (
			);
			inputPaths = (
			);
			name = "[CP] Check Pods Manifest.lock";
			outputPaths = (
			);
			runOnlyForDeploymentPostprocessing = 0;
			shellPath = /bin/sh;
			shellScript = "diff \"${PODS_PODFILE_DIR_PATH}/Podfile.lock\" \"${PODS_ROOT}/Manifest.lock\" > /dev/null\nif [ $? != 0 ] ; then\n    # print error to STDERR\n    echo \"error: The sandbox is not in sync with the Podfile.lock. Run 'pod install' or update your CocoaPods installation.\" >&2\n    exit 1\nfi\n";
			showEnvVarsInLog = 0;
		};
/* End PBXShellScriptBuildPhase section */

/* Begin PBXSourcesBuildPhase section */
		55FA934D1EFB58BD00D77E36 /* Sources */ = {
			isa = PBXSourcesBuildPhase;
			buildActionMask = 2147483647;
			files = (
				55FA93D01EFB666F00D77E36 /* Deck.swift in Sources */,
				55FA93571EFB58BD00D77E36 /* ViewController.swift in Sources */,
				55FA93DB1EFCCAAA00D77E36 /* RewardViewController.swift in Sources */,
				55FA93D21EFB66A100D77E36 /* Card.swift in Sources */,
				55FA93551EFB58BD00D77E36 /* AppDelegate.swift in Sources */,
				55FA93D51EFCCA7E00D77E36 /* DrawCardViewController.swift in Sources */,
				55FA93D91EFCCAA000D77E36 /* DescriptionViewController.swift in Sources */,
				55FA93D71EFCCA9400D77E36 /* InstructionsViewController.swift in Sources */,
				55FA93CD1EFB64FC00D77E36 /* extensions.swift in Sources */,
			);
			runOnlyForDeploymentPostprocessing = 0;
		};
		55FA93611EFB58BD00D77E36 /* Sources */ = {
			isa = PBXSourcesBuildPhase;
			buildActionMask = 2147483647;
			files = (
				55FA936A1EFB58BD00D77E36 /* hmmrd_liteTests.swift in Sources */,
			);
			runOnlyForDeploymentPostprocessing = 0;
		};
		55FA936C1EFB58BD00D77E36 /* Sources */ = {
			isa = PBXSourcesBuildPhase;
			buildActionMask = 2147483647;
			files = (
				55FA93751EFB58BD00D77E36 /* hmmrd_liteUITests.swift in Sources */,
			);
			runOnlyForDeploymentPostprocessing = 0;
		};
/* End PBXSourcesBuildPhase section */

/* Begin PBXTargetDependency section */
		55FA93671EFB58BD00D77E36 /* PBXTargetDependency */ = {
			isa = PBXTargetDependency;
			target = 55FA93501EFB58BD00D77E36 /* hmmrd-lite */;
			targetProxy = 55FA93661EFB58BD00D77E36 /* PBXContainerItemProxy */;
		};
		55FA93721EFB58BD00D77E36 /* PBXTargetDependency */ = {
			isa = PBXTargetDependency;
			target = 55FA93501EFB58BD00D77E36 /* hmmrd-lite */;
			targetProxy = 55FA93711EFB58BD00D77E36 /* PBXContainerItemProxy */;
		};
/* End PBXTargetDependency section */

/* Begin PBXVariantGroup section */
		55FA93581EFB58BD00D77E36 /* Main.storyboard */ = {
			isa = PBXVariantGroup;
			children = (
				55FA93591EFB58BD00D77E36 /* Base */,
			);
			name = Main.storyboard;
			sourceTree = "<group>";
		};
		55FA935D1EFB58BD00D77E36 /* LaunchScreen.storyboard */ = {
			isa = PBXVariantGroup;
			children = (
				55FA935E1EFB58BD00D77E36 /* Base */,
			);
			name = LaunchScreen.storyboard;
			sourceTree = "<group>";
		};
/* End PBXVariantGroup section */

/* Begin XCBuildConfiguration section */
		55FA93771EFB58BD00D77E36 /* Debug */ = {
			isa = XCBuildConfiguration;
			buildSettings = {
				ALWAYS_SEARCH_USER_PATHS = NO;
				CLANG_ANALYZER_NONNULL = YES;
				CLANG_ANALYZER_NUMBER_OBJECT_CONVERSION = YES_AGGRESSIVE;
				CLANG_CXX_LANGUAGE_STANDARD = "gnu++0x";
				CLANG_CXX_LIBRARY = "libc++";
				CLANG_ENABLE_MODULES = YES;
				CLANG_ENABLE_OBJC_ARC = YES;
				CLANG_WARN_BOOL_CONVERSION = YES;
				CLANG_WARN_CONSTANT_CONVERSION = YES;
				CLANG_WARN_DIRECT_OBJC_ISA_USAGE = YES_ERROR;
				CLANG_WARN_DOCUMENTATION_COMMENTS = YES;
				CLANG_WARN_EMPTY_BODY = YES;
				CLANG_WARN_ENUM_CONVERSION = YES;
				CLANG_WARN_INFINITE_RECURSION = YES;
				CLANG_WARN_INT_CONVERSION = YES;
				CLANG_WARN_OBJC_ROOT_CLASS = YES_ERROR;
				CLANG_WARN_SUSPICIOUS_MOVE = YES;
				CLANG_WARN_UNREACHABLE_CODE = YES;
				CLANG_WARN__DUPLICATE_METHOD_MATCH = YES;
				"CODE_SIGN_IDENTITY[sdk=iphoneos*]" = "iPhone Developer";
				COPY_PHASE_STRIP = NO;
				DEBUG_INFORMATION_FORMAT = dwarf;
				ENABLE_STRICT_OBJC_MSGSEND = YES;
				ENABLE_TESTABILITY = YES;
				GCC_C_LANGUAGE_STANDARD = gnu99;
				GCC_DYNAMIC_NO_PIC = NO;
				GCC_NO_COMMON_BLOCKS = YES;
				GCC_OPTIMIZATION_LEVEL = 0;
				GCC_PREPROCESSOR_DEFINITIONS = (
					"DEBUG=1",
					"$(inherited)",
				);
				GCC_WARN_64_TO_32_BIT_CONVERSION = YES;
				GCC_WARN_ABOUT_RETURN_TYPE = YES_ERROR;
				GCC_WARN_UNDECLARED_SELECTOR = YES;
				GCC_WARN_UNINITIALIZED_AUTOS = YES_AGGRESSIVE;
				GCC_WARN_UNUSED_FUNCTION = YES;
				GCC_WARN_UNUSED_VARIABLE = YES;
				IPHONEOS_DEPLOYMENT_TARGET = 10.3;
				MTL_ENABLE_DEBUG_INFO = YES;
				ONLY_ACTIVE_ARCH = YES;
				SDKROOT = iphoneos;
				SWIFT_ACTIVE_COMPILATION_CONDITIONS = DEBUG;
				SWIFT_OPTIMIZATION_LEVEL = "-Onone";
				TARGETED_DEVICE_FAMILY = "1,2";
			};
			name = Debug;
		};
		55FA93781EFB58BD00D77E36 /* Release */ = {
			isa = XCBuildConfiguration;
			buildSettings = {
				ALWAYS_SEARCH_USER_PATHS = NO;
				CLANG_ANALYZER_NONNULL = YES;
				CLANG_ANALYZER_NUMBER_OBJECT_CONVERSION = YES_AGGRESSIVE;
				CLANG_CXX_LANGUAGE_STANDARD = "gnu++0x";
				CLANG_CXX_LIBRARY = "libc++";
				CLANG_ENABLE_MODULES = YES;
				CLANG_ENABLE_OBJC_ARC = YES;
				CLANG_WARN_BOOL_CONVERSION = YES;
				CLANG_WARN_CONSTANT_CONVERSION = YES;
				CLANG_WARN_DIRECT_OBJC_ISA_USAGE = YES_ERROR;
				CLANG_WARN_DOCUMENTATION_COMMENTS = YES;
				CLANG_WARN_EMPTY_BODY = YES;
				CLANG_WARN_ENUM_CONVERSION = YES;
				CLANG_WARN_INFINITE_RECURSION = YES;
				CLANG_WARN_INT_CONVERSION = YES;
				CLANG_WARN_OBJC_ROOT_CLASS = YES_ERROR;
				CLANG_WARN_SUSPICIOUS_MOVE = YES;
				CLANG_WARN_UNREACHABLE_CODE = YES;
				CLANG_WARN__DUPLICATE_METHOD_MATCH = YES;
				"CODE_SIGN_IDENTITY[sdk=iphoneos*]" = "iPhone Developer";
				COPY_PHASE_STRIP = NO;
				DEBUG_INFORMATION_FORMAT = "dwarf-with-dsym";
				ENABLE_NS_ASSERTIONS = NO;
				ENABLE_STRICT_OBJC_MSGSEND = YES;
				GCC_C_LANGUAGE_STANDARD = gnu99;
				GCC_NO_COMMON_BLOCKS = YES;
				GCC_WARN_64_TO_32_BIT_CONVERSION = YES;
				GCC_WARN_ABOUT_RETURN_TYPE = YES_ERROR;
				GCC_WARN_UNDECLARED_SELECTOR = YES;
				GCC_WARN_UNINITIALIZED_AUTOS = YES_AGGRESSIVE;
				GCC_WARN_UNUSED_FUNCTION = YES;
				GCC_WARN_UNUSED_VARIABLE = YES;
				IPHONEOS_DEPLOYMENT_TARGET = 10.3;
				MTL_ENABLE_DEBUG_INFO = NO;
				SDKROOT = iphoneos;
				SWIFT_OPTIMIZATION_LEVEL = "-Owholemodule";
				TARGETED_DEVICE_FAMILY = "1,2";
				VALIDATE_PRODUCT = YES;
			};
			name = Release;
		};
		55FA937A1EFB58BD00D77E36 /* Debug */ = {
			isa = XCBuildConfiguration;
			baseConfigurationReference = 2B1FE4169FA5CB7E8AA2B3FF /* Pods-hmmrd-lite.debug.xcconfig */;
			buildSettings = {
				ASSETCATALOG_COMPILER_APPICON_NAME = AppIcon;
				DEVELOPMENT_TEAM = SM7VLH62CK;
				INFOPLIST_FILE = "hmmrd-lite/Info.plist";
				LD_RUNPATH_SEARCH_PATHS = "$(inherited) @executable_path/Frameworks";
				PRODUCT_BUNDLE_IDENTIFIER = "hmmrdapp.hmmrd-lite";
				PRODUCT_NAME = "$(TARGET_NAME)";
				SWIFT_VERSION = 3.0;
			};
			name = Debug;
		};
		55FA937B1EFB58BD00D77E36 /* Release */ = {
			isa = XCBuildConfiguration;
			baseConfigurationReference = A99165C2D5D29BD64512F84C /* Pods-hmmrd-lite.release.xcconfig */;
			buildSettings = {
				ASSETCATALOG_COMPILER_APPICON_NAME = AppIcon;
				DEVELOPMENT_TEAM = SM7VLH62CK;
				INFOPLIST_FILE = "hmmrd-lite/Info.plist";
				LD_RUNPATH_SEARCH_PATHS = "$(inherited) @executable_path/Frameworks";
				PRODUCT_BUNDLE_IDENTIFIER = "hmmrdapp.hmmrd-lite";
				PRODUCT_NAME = "$(TARGET_NAME)";
				SWIFT_VERSION = 3.0;
			};
			name = Release;
		};
		55FA937D1EFB58BD00D77E36 /* Debug */ = {
			isa = XCBuildConfiguration;
			baseConfigurationReference = 3D77590BF5AC571EF03A25F8 /* Pods-hmmrd-liteTests.debug.xcconfig */;
			buildSettings = {
				ALWAYS_EMBED_SWIFT_STANDARD_LIBRARIES = YES;
				BUNDLE_LOADER = "$(TEST_HOST)";
				INFOPLIST_FILE = "hmmrd-liteTests/Info.plist";
				LD_RUNPATH_SEARCH_PATHS = "$(inherited) @executable_path/Frameworks @loader_path/Frameworks";
				PRODUCT_BUNDLE_IDENTIFIER = "hmmrdapp.hmmrd-liteTests";
				PRODUCT_NAME = "$(TARGET_NAME)";
				SWIFT_VERSION = 3.0;
				TEST_HOST = "$(BUILT_PRODUCTS_DIR)/hmmrd-lite.app/hmmrd-lite";
			};
			name = Debug;
		};
		55FA937E1EFB58BD00D77E36 /* Release */ = {
			isa = XCBuildConfiguration;
			baseConfigurationReference = BF67C49AA36A09A6B1817AA2 /* Pods-hmmrd-liteTests.release.xcconfig */;
			buildSettings = {
				ALWAYS_EMBED_SWIFT_STANDARD_LIBRARIES = YES;
				BUNDLE_LOADER = "$(TEST_HOST)";
				INFOPLIST_FILE = "hmmrd-liteTests/Info.plist";
				LD_RUNPATH_SEARCH_PATHS = "$(inherited) @executable_path/Frameworks @loader_path/Frameworks";
				PRODUCT_BUNDLE_IDENTIFIER = "hmmrdapp.hmmrd-liteTests";
				PRODUCT_NAME = "$(TARGET_NAME)";
				SWIFT_VERSION = 3.0;
				TEST_HOST = "$(BUILT_PRODUCTS_DIR)/hmmrd-lite.app/hmmrd-lite";
			};
			name = Release;
		};
		55FA93801EFB58BD00D77E36 /* Debug */ = {
			isa = XCBuildConfiguration;
			baseConfigurationReference = 5F68FA90075D88946CB64A0D /* Pods-hmmrd-liteUITests.debug.xcconfig */;
			buildSettings = {
				ALWAYS_EMBED_SWIFT_STANDARD_LIBRARIES = YES;
				INFOPLIST_FILE = "hmmrd-liteUITests/Info.plist";
				LD_RUNPATH_SEARCH_PATHS = "$(inherited) @executable_path/Frameworks @loader_path/Frameworks";
				PRODUCT_BUNDLE_IDENTIFIER = "hmmrdapp.hmmrd-liteUITests";
				PRODUCT_NAME = "$(TARGET_NAME)";
				SWIFT_VERSION = 3.0;
				TEST_TARGET_NAME = "hmmrd-lite";
			};
			name = Debug;
		};
		55FA93811EFB58BD00D77E36 /* Release */ = {
			isa = XCBuildConfiguration;
			baseConfigurationReference = 61B0D06852FA9EF4C7C3482A /* Pods-hmmrd-liteUITests.release.xcconfig */;
			buildSettings = {
				ALWAYS_EMBED_SWIFT_STANDARD_LIBRARIES = YES;
				INFOPLIST_FILE = "hmmrd-liteUITests/Info.plist";
				LD_RUNPATH_SEARCH_PATHS = "$(inherited) @executable_path/Frameworks @loader_path/Frameworks";
				PRODUCT_BUNDLE_IDENTIFIER = "hmmrdapp.hmmrd-liteUITests";
				PRODUCT_NAME = "$(TARGET_NAME)";
				SWIFT_VERSION = 3.0;
				TEST_TARGET_NAME = "hmmrd-lite";
			};
			name = Release;
		};
/* End XCBuildConfiguration section */

/* Begin XCConfigurationList section */
		55FA934C1EFB58BD00D77E36 /* Build configuration list for PBXProject "hmmrd-lite" */ = {
			isa = XCConfigurationList;
			buildConfigurations = (
				55FA93771EFB58BD00D77E36 /* Debug */,
				55FA93781EFB58BD00D77E36 /* Release */,
			);
			defaultConfigurationIsVisible = 0;
			defaultConfigurationName = Release;
		};
		55FA93791EFB58BD00D77E36 /* Build configuration list for PBXNativeTarget "hmmrd-lite" */ = {
			isa = XCConfigurationList;
			buildConfigurations = (
				55FA937A1EFB58BD00D77E36 /* Debug */,
				55FA937B1EFB58BD00D77E36 /* Release */,
			);
			defaultConfigurationIsVisible = 0;
			defaultConfigurationName = Release;
		};
		55FA937C1EFB58BD00D77E36 /* Build configuration list for PBXNativeTarget "hmmrd-liteTests" */ = {
			isa = XCConfigurationList;
			buildConfigurations = (
				55FA937D1EFB58BD00D77E36 /* Debug */,
				55FA937E1EFB58BD00D77E36 /* Release */,
			);
			defaultConfigurationIsVisible = 0;
			defaultConfigurationName = Release;
		};
		55FA937F1EFB58BD00D77E36 /* Build configuration list for PBXNativeTarget "hmmrd-liteUITests" */ = {
			isa = XCConfigurationList;
			buildConfigurations = (
				55FA93801EFB58BD00D77E36 /* Debug */,
				55FA93811EFB58BD00D77E36 /* Release */,
			);
			defaultConfigurationIsVisible = 0;
			defaultConfigurationName = Release;
		};
/* End XCConfigurationList section */
	};
	rootObject = 55FA93491EFB58BD00D77E36 /* Project object */;
}
